
Microsoft Visual Studio Solution File, Format Version 12.00
# Visual Studio 2012
Project("{FAE04EC0-301F-11D3-BF4B-00C04F79EFBC}") = "TestData.Profiles", "TestData.Profiles\TestData.Profiles.csproj", "{9784383D-CCC6-416E-8E6C-6E132FD75BEA}"
EndProject
Project("{FAE04EC0-301F-11D3-BF4B-00C04F79EFBC}") = "TestData.Profiles.Tests", "TestData.Profiles.Tests\TestData.Profiles.Tests.csproj", "{89C0CE5B-A7B8-46BE-9F89-F8995FB030C9}"
EndProject
Project("{2150E333-8FDC-42A3-9474-1A3956D46DE8}") = ".nuget", ".nuget", "{4810E365-3A20-4F71-BD68-445199CC05E9}"
	ProjectSection(SolutionItems) = preProject
		.nuget\NuGet.Config = .nuget\NuGet.Config
		.nuget\NuGet.exe = .nuget\NuGet.exe
		.nuget\NuGet.targets = .nuget\NuGet.targets
	EndProjectSection
EndProject
Global
	GlobalSection(SolutionConfigurationPlatforms) = preSolution
		Debug|Any CPU = Debug|Any CPU
		Release|Any CPU = Release|Any CPU
	EndGlobalSection
	GlobalSection(ProjectConfigurationPlatforms) = postSolution
		{89C0CE5B-A7B8-46BE-9F89-F8995FB030C9}.Debug|Any CPU.ActiveCfg = Debug|Any CPU
		{89C0CE5B-A7B8-46BE-9F89-F8995FB030C9}.Debug|Any CPU.Build.0 = Debug|Any CPU
		{89C0CE5B-A7B8-46BE-9F89-F8995FB030C9}.Release|Any CPU.ActiveCfg = Release|Any CPU
		{89C0CE5B-A7B8-46BE-9F89-F8995FB030C9}.Release|Any CPU.Build.0 = Release|Any CPU
		{9784383D-CCC6-416E-8E6C-6E132FD75BEA}.Debug|Any CPU.ActiveCfg = Debug|Any CPU
		{9784383D-CCC6-416E-8E6C-6E132FD75BEA}.Debug|Any CPU.Build.0 = Debug|Any CPU
		{9784383D-CCC6-416E-8E6C-6E132FD75BEA}.Release|Any CPU.ActiveCfg = Release|Any CPU
		{9784383D-CCC6-416E-8E6C-6E132FD75BEA}.Release|Any CPU.Build.0 = Release|Any CPU
	EndGlobalSection
	GlobalSection(SolutionProperties) = preSolution
		HideSolutionNode = FALSE
	EndGlobalSection
EndGlobal
